
Microsoft Visual Studio Solution File, Format Version 12.00
# Visual Studio 15
VisualStudioVersion = 15.0.28010.2026
MinimumVisualStudioVersion = 10.0.40219.1
Project("{2150E333-8FDC-42A3-9474-1A3956D46DE8}") = "Solution Items", "Solution Items", "{349A3111-0FC6-42C1-9528-FE634FCFD37B}"
	ProjectSection(SolutionItems) = preProject
		FileValidator.abi = FileValidator.abi
		FileValidator.bin = FileValidator.bin
		FileValidator.sol = FileValidator.sol
	EndProjectSection
EndProject
Project("{9A19103F-16F7-4668-BE54-9A1E7A4F7556}") = "WebApplication", "WebApplication\WebApplication.csproj", "{34BC828F-B552-45AE-833F-DA12468572F9}"
EndProject
Global
	GlobalSection(SolutionConfigurationPlatforms) = preSolution
		Debug|Any CPU = Debug|Any CPU
		Release|Any CPU = Release|Any CPU
	EndGlobalSection
	GlobalSection(ProjectConfigurationPlatforms) = postSolution
		{34BC828F-B552-45AE-833F-DA12468572F9}.Debug|Any CPU.ActiveCfg = Debug|Any CPU
		{34BC828F-B552-45AE-833F-DA12468572F9}.Debug|Any CPU.Build.0 = Debug|Any CPU
		{34BC828F-B552-45AE-833F-DA12468572F9}.Release|Any CPU.ActiveCfg = Release|Any CPU
		{34BC828F-B552-45AE-833F-DA12468572F9}.Release|Any CPU.Build.0 = Release|Any CPU
	EndGlobalSection
	GlobalSection(SolutionProperties) = preSolution
		HideSolutionNode = FALSE
	EndGlobalSection
	GlobalSection(ExtensibilityGlobals) = postSolution
		SolutionGuid = {767CE1C6-7A0F-40E0-9592-2045E2BE5878}
	EndGlobalSection
EndGlobal
